{
  "name": "ajs1",
  "version": "1.0.0",
  "lockfileVersion": 1,
  "requires": true,
  "dependencies": {
    "@madivira/ajs": {
      "version": "1.0.1",
      "resolved": "https://npm.pkg.github.com/download/@madivira/ajs/1.0.1/df5f326228c0433867c7a62c9db51f34fe516b5ccf1a88407bb60c3487653989",
      "integrity": "sha512-0LubAyyPjEuO2it/I8d91cX8rQYWS/YEatvCoMZs1CvbuD4pFLq6gnM7ciJsb5lEupfD+oCbwP4rmzkSusFKxA=="
    }
  }
}
